
Microsoft Visual Studio Solution File, Format Version 12.00
# Visual Studio Version 16
VisualStudioVersion = 16.0.29613.14
MinimumVisualStudioVersion = 10.0.40219.1
Project("{FAE04EC0-301F-11D3-BF4B-00C04F79EFBC}") = "4 задание", "4 задание\4 задание.csproj", "{4BA98692-C345-43CA-AEC6-146F28264E61}"
EndProject
Global
	GlobalSection(SolutionConfigurationPlatforms) = preSolution
		Debug|Any CPU = Debug|Any CPU
		Release|Any CPU = Release|Any CPU
	EndGlobalSection
	GlobalSection(ProjectConfigurationPlatforms) = postSolution
		{4BA98692-C345-43CA-AEC6-146F28264E61}.Debug|Any CPU.ActiveCfg = Debug|Any CPU
		{4BA98692-C345-43CA-AEC6-146F28264E61}.Debug|Any CPU.Build.0 = Debug|Any CPU
		{4BA98692-C345-43CA-AEC6-146F28264E61}.Release|Any CPU.ActiveCfg = Release|Any CPU
		{4BA98692-C345-43CA-AEC6-146F28264E61}.Release|Any CPU.Build.0 = Release|Any CPU
	EndGlobalSection
	GlobalSection(SolutionProperties) = preSolution
		HideSolutionNode = FALSE
	EndGlobalSection
	GlobalSection(ExtensibilityGlobals) = postSolution
		SolutionGuid = {8FFB8F18-8831-4C61-BFC8-E0E09A73B58D}
	EndGlobalSection
EndGlobal
