
Microsoft Visual Studio Solution File, Format Version 12.00
# Visual Studio Version 16
VisualStudioVersion = 16.0.29613.14
MinimumVisualStudioVersion = 10.0.40219.1
Project("{9A19103F-16F7-4668-BE54-9A1E7A4F7556}") = "2 + 4 задание", "2 задание\2 + 4 задание.csproj", "{7DDDA5DB-135D-40C3-954A-DD4A30F8D97E}"
EndProject
Global
	GlobalSection(SolutionConfigurationPlatforms) = preSolution
		Debug|Any CPU = Debug|Any CPU
		Release|Any CPU = Release|Any CPU
	EndGlobalSection
	GlobalSection(ProjectConfigurationPlatforms) = postSolution
		{7DDDA5DB-135D-40C3-954A-DD4A30F8D97E}.Debug|Any CPU.ActiveCfg = Debug|Any CPU
		{7DDDA5DB-135D-40C3-954A-DD4A30F8D97E}.Debug|Any CPU.Build.0 = Debug|Any CPU
		{7DDDA5DB-135D-40C3-954A-DD4A30F8D97E}.Release|Any CPU.ActiveCfg = Release|Any CPU
		{7DDDA5DB-135D-40C3-954A-DD4A30F8D97E}.Release|Any CPU.Build.0 = Release|Any CPU
	EndGlobalSection
	GlobalSection(SolutionProperties) = preSolution
		HideSolutionNode = FALSE
	EndGlobalSection
	GlobalSection(ExtensibilityGlobals) = postSolution
		SolutionGuid = {1499113A-70EF-45AD-A322-AFDA9102348D}
	EndGlobalSection
EndGlobal
