
Microsoft Visual Studio Solution File, Format Version 12.00
# Visual Studio Version 16
VisualStudioVersion = 16.0.30002.166
MinimumVisualStudioVersion = 10.0.40219.1
Project("{FAE04EC0-301F-11D3-BF4B-00C04F79EFBC}") = "client2", "client2\client2.csproj", "{50D63F70-0266-4CC7-BE76-B18A313B57AB}"
EndProject
Global
	GlobalSection(SolutionConfigurationPlatforms) = preSolution
		Debug|Any CPU = Debug|Any CPU
		Release|Any CPU = Release|Any CPU
	EndGlobalSection
	GlobalSection(ProjectConfigurationPlatforms) = postSolution
		{50D63F70-0266-4CC7-BE76-B18A313B57AB}.Debug|Any CPU.ActiveCfg = Debug|Any CPU
		{50D63F70-0266-4CC7-BE76-B18A313B57AB}.Debug|Any CPU.Build.0 = Debug|Any CPU
		{50D63F70-0266-4CC7-BE76-B18A313B57AB}.Release|Any CPU.ActiveCfg = Release|Any CPU
		{50D63F70-0266-4CC7-BE76-B18A313B57AB}.Release|Any CPU.Build.0 = Release|Any CPU
	EndGlobalSection
	GlobalSection(SolutionProperties) = preSolution
		HideSolutionNode = FALSE
	EndGlobalSection
	GlobalSection(ExtensibilityGlobals) = postSolution
		SolutionGuid = {C65B29B7-F84A-4F87-86DE-DB439DA7FBDE}
	EndGlobalSection
EndGlobal
