
Microsoft Visual Studio Solution File, Format Version 12.00
# Visual Studio Version 16
VisualStudioVersion = 16.0.29613.14
MinimumVisualStudioVersion = 10.0.40219.1
Project("{FAE04EC0-301F-11D3-BF4B-00C04F79EFBC}") = "2 + 3 задание", "2 задание\2 + 3 задание.csproj", "{9892FBC1-8B7F-46B0-8BB9-1703521CF135}"
EndProject
Global
	GlobalSection(SolutionConfigurationPlatforms) = preSolution
		Debug|Any CPU = Debug|Any CPU
		Release|Any CPU = Release|Any CPU
	EndGlobalSection
	GlobalSection(ProjectConfigurationPlatforms) = postSolution
		{9892FBC1-8B7F-46B0-8BB9-1703521CF135}.Debug|Any CPU.ActiveCfg = Debug|Any CPU
		{9892FBC1-8B7F-46B0-8BB9-1703521CF135}.Debug|Any CPU.Build.0 = Debug|Any CPU
		{9892FBC1-8B7F-46B0-8BB9-1703521CF135}.Release|Any CPU.ActiveCfg = Release|Any CPU
		{9892FBC1-8B7F-46B0-8BB9-1703521CF135}.Release|Any CPU.Build.0 = Release|Any CPU
	EndGlobalSection
	GlobalSection(SolutionProperties) = preSolution
		HideSolutionNode = FALSE
	EndGlobalSection
	GlobalSection(ExtensibilityGlobals) = postSolution
		SolutionGuid = {DB1D06B7-3013-493A-ABD9-F53558FD95F8}
	EndGlobalSection
EndGlobal
